
Microsoft Visual Studio Solution File, Format Version 12.00
# Visual Studio 15
VisualStudioVersion = 15.0.26228.9
MinimumVisualStudioVersion = 10.0.40219.1
Project("{FAE04EC0-301F-11D3-BF4B-00C04F79EFBC}") = "MyBookCollectionUI", "MyBookCollectionUI\MyBookCollectionUI.csproj", "{AE5437E0-B659-41FA-AC64-63F688595896}"
EndProject
Project("{FAE04EC0-301F-11D3-BF4B-00C04F79EFBC}") = "MyBookCollectionLibrary", "MyBookCollectionLibrary\MyBookCollectionLibrary.csproj", "{9387919D-4489-4013-B606-036684F777DF}"
EndProject
Global
	GlobalSection(SolutionConfigurationPlatforms) = preSolution
		Debug|Any CPU = Debug|Any CPU
		Release|Any CPU = Release|Any CPU
	EndGlobalSection
	GlobalSection(ProjectConfigurationPlatforms) = postSolution
		{AE5437E0-B659-41FA-AC64-63F688595896}.Debug|Any CPU.ActiveCfg = Debug|Any CPU
		{AE5437E0-B659-41FA-AC64-63F688595896}.Debug|Any CPU.Build.0 = Debug|Any CPU
		{AE5437E0-B659-41FA-AC64-63F688595896}.Release|Any CPU.ActiveCfg = Release|Any CPU
		{AE5437E0-B659-41FA-AC64-63F688595896}.Release|Any CPU.Build.0 = Release|Any CPU
		{9387919D-4489-4013-B606-036684F777DF}.Debug|Any CPU.ActiveCfg = Debug|Any CPU
		{9387919D-4489-4013-B606-036684F777DF}.Debug|Any CPU.Build.0 = Debug|Any CPU
		{9387919D-4489-4013-B606-036684F777DF}.Release|Any CPU.ActiveCfg = Release|Any CPU
		{9387919D-4489-4013-B606-036684F777DF}.Release|Any CPU.Build.0 = Release|Any CPU
	EndGlobalSection
	GlobalSection(SolutionProperties) = preSolution
		HideSolutionNode = FALSE
	EndGlobalSection
EndGlobal
